// !$*UTF8*$!
{
	archiveVersion = 1;
	classes = {
	};
	objectVersion = 46;
	objects = {

/* Begin PBXBuildFile section */
		10D753DA9E5C472A8628AC37 /* FontAwesome5_Brands.ttf in Resources */ = {isa = PBXBuildFile; fileRef = FC74AE975A8E4910A4B01C00 /* FontAwesome5_Brands.ttf */; };
		12F9B0B8925A4DE8AE93EBE6 /* MaterialCommunityIcons.ttf in Resources */ = {isa = PBXBuildFile; fileRef = 31265DC0968C4994866B09A2 /* MaterialCommunityIcons.ttf */; };
		13B07FBC1A68108700A75B9A /* AppDelegate.m in Sources */ = {isa = PBXBuildFile; fileRef = 13B07FB01A68108700A75B9A /* AppDelegate.m */; };
		13B07FBD1A68108700A75B9A /* LaunchScreen.xib in Resources */ = {isa = PBXBuildFile; fileRef = 13B07FB11A68108700A75B9A /* LaunchScreen.xib */; };
		13B07FBF1A68108700A75B9A /* Images.xcassets in Resources */ = {isa = PBXBuildFile; fileRef = 13B07FB51A68108700A75B9A /* Images.xcassets */; };
		13B07FC11A68108700A75B9A /* main.m in Sources */ = {isa = PBXBuildFile; fileRef = 13B07FB71A68108700A75B9A /* main.m */; };
		1C4165BF1ACE45038B10A04E /* Roboto-Italic.ttf in Resources */ = {isa = PBXBuildFile; fileRef = BC07814618294964B3BCF89F /* Roboto-Italic.ttf */; };
		226F34BC2FA14C0F941FF58F /* SimpleLineIcons.ttf in Resources */ = {isa = PBXBuildFile; fileRef = C954F850424C42DBA6EBE112 /* SimpleLineIcons.ttf */; };
		26360097295040F99DA2FA3C /* Roboto-Light.ttf in Resources */ = {isa = PBXBuildFile; fileRef = BEBFECDF2B304F809156F0E1 /* Roboto-Light.ttf */; };
		29C2E9706DE641B8AF2937BA /* Roboto-Regular.ttf in Resources */ = {isa = PBXBuildFile; fileRef = 35E1F10911A34FD0B230A6A0 /* Roboto-Regular.ttf */; };
		32514F8822C4C4D3EB9E4E86 /* libPods-WishEarn.a in Frameworks */ = {isa = PBXBuildFile; fileRef = 7CB101DD4BBA36C873DAB1D7 /* libPods-WishEarn.a */; };
		405BD1D6F80E47568D1D5AE1 /* Ionicons.ttf in Resources */ = {isa = PBXBuildFile; fileRef = 68FEF4FB92B44935B41FF3AC /* Ionicons.ttf */; };
		412EE56B7E924B6FA14B7F08 /* EvilIcons.ttf in Resources */ = {isa = PBXBuildFile; fileRef = ED832F95C3034952B92C63E6 /* EvilIcons.ttf */; };
		4F6488BC1DCE49659F2029B5 /* Roboto-Medium.ttf in Resources */ = {isa = PBXBuildFile; fileRef = 22DE5EC4ABE7461C81D38332 /* Roboto-Medium.ttf */; };
		56380C4944BB430A868EE5F4 /* Roboto-LightItalic.ttf in Resources */ = {isa = PBXBuildFile; fileRef = 847DCCD4CDC04E19B446C58D /* Roboto-LightItalic.ttf */; };
		5E7A5DC4E7204A658EBEAF37 /* Zocial.ttf in Resources */ = {isa = PBXBuildFile; fileRef = DEFEA463304A4AC8B8DD8638 /* Zocial.ttf */; };
		6B195952957F4010AEAB19DE /* Foundation.ttf in Resources */ = {isa = PBXBuildFile; fileRef = F27FC20978B341919D424E14 /* Foundation.ttf */; };
		6D7F756D750B4907A275179D /* Roboto-Black.ttf in Resources */ = {isa = PBXBuildFile; fileRef = A53705822F3A42ED892D6221 /* Roboto-Black.ttf */; };
		7E98BD0C62FF4F26A959F93C /* FontAwesome5_Regular.ttf in Resources */ = {isa = PBXBuildFile; fileRef = E2B7C7D40774409D860C8651 /* FontAwesome5_Regular.ttf */; };
		7FC1E395771449BDA05CA54C /* Roboto-Bold.ttf in Resources */ = {isa = PBXBuildFile; fileRef = B3E511FCDE964D4ABA9AE143 /* Roboto-Bold.ttf */; };
		84E899ECDDD74A6B88BAF488 /* AntDesign.ttf in Resources */ = {isa = PBXBuildFile; fileRef = C5C941B3012548B68B4907E2 /* AntDesign.ttf */; };
		9083ECBCED514DA2BAE7A6CA /* Feather.ttf in Resources */ = {isa = PBXBuildFile; fileRef = 0ADA3A3A2AEA42368A7A39F9 /* Feather.ttf */; };
		992EEAC605BA40CEBADB490F /* Roboto-MediumItalic.ttf in Resources */ = {isa = PBXBuildFile; fileRef = 739990478719487689493F09 /* Roboto-MediumItalic.ttf */; };
		9CF12A40237F6B0800E5D4B7 /* 👽.swift in Sources */ = {isa = PBXBuildFile; fileRef = 9CF12A3F237F6B0800E5D4B7 /* 👽.swift */; };
		A782D6968F7E46809A1A5710 /* Roboto-BlackItalic.ttf in Resources */ = {isa = PBXBuildFile; fileRef = 51F88954D9C84B5290C764C5 /* Roboto-BlackItalic.ttf */; };
		B4E7163A3D33476A97C0A3BF /* Entypo.ttf in Resources */ = {isa = PBXBuildFile; fileRef = 4B24521EE17440FEBAD55BB9 /* Entypo.ttf */; };
		B4E7DB13A6004891AFBE1683 /* Roboto-BoldItalic.ttf in Resources */ = {isa = PBXBuildFile; fileRef = DBB098FF31A944728FCE1B54 /* Roboto-BoldItalic.ttf */; };
		B7BB4CA8EAE64CB3B28411EC /* Roboto-ThinItalic.ttf in Resources */ = {isa = PBXBuildFile; fileRef = 1E043B27D1A14104A1E4C375 /* Roboto-ThinItalic.ttf */; };
		BD3C4D8AE93F4FDAB77CB69A /* Fontisto.ttf in Resources */ = {isa = PBXBuildFile; fileRef = 32769297A7014C0D99F20E3F /* Fontisto.ttf */; };
		C87045C59F5148C88B4085D5 /* Roboto-Thin.ttf in Resources */ = {isa = PBXBuildFile; fileRef = 7A44ACE724A6468A896799B2 /* Roboto-Thin.ttf */; };
		D7C4EB73AD4C4924880572A2 /* MaterialIcons.ttf in Resources */ = {isa = PBXBuildFile; fileRef = 7F8E68A5A5714E45B27517EC /* MaterialIcons.ttf */; };
		DD213E11E794435283DE56B3 /* FontAwesome5_Solid.ttf in Resources */ = {isa = PBXBuildFile; fileRef = 14F576C6A5D44AE7B10B9B01 /* FontAwesome5_Solid.ttf */; };
		E7A41DDFD5974D5B9B943D76 /* Octicons.ttf in Resources */ = {isa = PBXBuildFile; fileRef = B907226ECCEA457DA736B8BE /* Octicons.ttf */; };
		E93A587ADDDC4534BAE194DB /* FontAwesome.ttf in Resources */ = {isa = PBXBuildFile; fileRef = 3EFC019E277A4865B36FAC2F /* FontAwesome.ttf */; };
/* End PBXBuildFile section */

/* Begin PBXFileReference section */
		008F07F21AC5B25A0029DE68 /* main.jsbundle */ = {isa = PBXFileReference; fileEncoding = 4; lastKnownFileType = text; path = main.jsbundle; sourceTree = "<group>"; };
		00E356F11AD99517003FC87E /* Info.plist */ = {isa = PBXFileReference; lastKnownFileType = text.plist.xml; path = Info.plist; sourceTree = "<group>"; };
		00E356F21AD99517003FC87E /* WishEarnTests.m */ = {isa = PBXFileReference; lastKnownFileType = sourcecode.c.objc; path = WishEarnTests.m; sourceTree = "<group>"; };
		0ADA3A3A2AEA42368A7A39F9 /* Feather.ttf */ = {isa = PBXFileReference; explicitFileType = undefined; fileEncoding = 9; includeInIndex = 0; lastKnownFileType = unknown; name = Feather.ttf; path = "../node_modules/react-native-vector-icons/Fonts/Feather.ttf"; sourceTree = "<group>"; };
		13B07F961A680F5B00A75B9A /* SpendLess.app */ = {isa = PBXFileReference; explicitFileType = wrapper.application; includeInIndex = 0; path = SpendLess.app; sourceTree = BUILT_PRODUCTS_DIR; };
		13B07FAF1A68108700A75B9A /* AppDelegate.h */ = {isa = PBXFileReference; fileEncoding = 4; lastKnownFileType = sourcecode.c.h; name = AppDelegate.h; path = WishEarn/AppDelegate.h; sourceTree = "<group>"; };
		13B07FB01A68108700A75B9A /* AppDelegate.m */ = {isa = PBXFileReference; fileEncoding = 4; lastKnownFileType = sourcecode.c.objc; name = AppDelegate.m; path = WishEarn/AppDelegate.m; sourceTree = "<group>"; };
		13B07FB21A68108700A75B9A /* Base */ = {isa = PBXFileReference; lastKnownFileType = file.xib; name = Base; path = Base.lproj/LaunchScreen.xib; sourceTree = "<group>"; };
		13B07FB51A68108700A75B9A /* Images.xcassets */ = {isa = PBXFileReference; lastKnownFileType = folder.assetcatalog; name = Images.xcassets; path = WishEarn/Images.xcassets; sourceTree = "<group>"; };
		13B07FB61A68108700A75B9A /* Info.plist */ = {isa = PBXFileReference; fileEncoding = 4; lastKnownFileType = text.plist.xml; name = Info.plist; path = WishEarn/Info.plist; sourceTree = "<group>"; };
		13B07FB71A68108700A75B9A /* main.m */ = {isa = PBXFileReference; fileEncoding = 4; lastKnownFileType = sourcecode.c.objc; name = main.m; path = WishEarn/main.m; sourceTree = "<group>"; };
		14F576C6A5D44AE7B10B9B01 /* FontAwesome5_Solid.ttf */ = {isa = PBXFileReference; explicitFileType = undefined; fileEncoding = 9; includeInIndex = 0; lastKnownFileType = unknown; name = FontAwesome5_Solid.ttf; path = "../node_modules/react-native-vector-icons/Fonts/FontAwesome5_Solid.ttf"; sourceTree = "<group>"; };
		191026A6ACDC483CF73DD062 /* libPods-WishEarn-tvOSTests.a */ = {isa = PBXFileReference; explicitFileType = archive.ar; includeInIndex = 0; path = "libPods-WishEarn-tvOSTests.a"; sourceTree = BUILT_PRODUCTS_DIR; };
		1E043B27D1A14104A1E4C375 /* Roboto-ThinItalic.ttf */ = {isa = PBXFileReference; explicitFileType = undefined; fileEncoding = 9; includeInIndex = 0; lastKnownFileType = unknown; name = "Roboto-ThinItalic.ttf"; path = "../assets/fonts/Roboto-ThinItalic.ttf"; sourceTree = "<group>"; };
		22DE5EC4ABE7461C81D38332 /* Roboto-Medium.ttf */ = {isa = PBXFileReference; explicitFileType = undefined; fileEncoding = 9; includeInIndex = 0; lastKnownFileType = unknown; name = "Roboto-Medium.ttf"; path = "../assets/fonts/Roboto-Medium.ttf"; sourceTree = "<group>"; };
		261EC82CF8F7BE29DB3A1B3D /* Pods-WishEarn-tvOS.debug.xcconfig */ = {isa = PBXFileReference; includeInIndex = 1; lastKnownFileType = text.xcconfig; name = "Pods-WishEarn-tvOS.debug.xcconfig"; path = "Target Support Files/Pods-WishEarn-tvOS/Pods-WishEarn-tvOS.debug.xcconfig"; sourceTree = "<group>"; };
		2FDE38234A5EB91D1D14733B /* Pods-WishEarn.debug.xcconfig */ = {isa = PBXFileReference; includeInIndex = 1; lastKnownFileType = text.xcconfig; name = "Pods-WishEarn.debug.xcconfig"; path = "Target Support Files/Pods-WishEarn/Pods-WishEarn.debug.xcconfig"; sourceTree = "<group>"; };
		31265DC0968C4994866B09A2 /* MaterialCommunityIcons.ttf */ = {isa = PBXFileReference; explicitFileType = undefined; fileEncoding = 9; includeInIndex = 0; lastKnownFileType = unknown; name = MaterialCommunityIcons.ttf; path = "../node_modules/react-native-vector-icons/Fonts/MaterialCommunityIcons.ttf"; sourceTree = "<group>"; };
		32769297A7014C0D99F20E3F /* Fontisto.ttf */ = {isa = PBXFileReference; explicitFileType = undefined; fileEncoding = 9; includeInIndex = 0; lastKnownFileType = unknown; name = Fontisto.ttf; path = "../node_modules/react-native-vector-icons/Fonts/Fontisto.ttf"; sourceTree = "<group>"; };
		35E1F10911A34FD0B230A6A0 /* Roboto-Regular.ttf */ = {isa = PBXFileReference; explicitFileType = undefined; fileEncoding = 9; includeInIndex = 0; lastKnownFileType = unknown; name = "Roboto-Regular.ttf"; path = "../assets/fonts/Roboto-Regular.ttf"; sourceTree = "<group>"; };
		3EFC019E277A4865B36FAC2F /* FontAwesome.ttf */ = {isa = PBXFileReference; explicitFileType = undefined; fileEncoding = 9; includeInIndex = 0; lastKnownFileType = unknown; name = FontAwesome.ttf; path = "../node_modules/react-native-vector-icons/Fonts/FontAwesome.ttf"; sourceTree = "<group>"; };
		3FA9BD8DE886C87411C94CC1 /* Pods-WishEarn-tvOS.release.xcconfig */ = {isa = PBXFileReference; includeInIndex = 1; lastKnownFileType = text.xcconfig; name = "Pods-WishEarn-tvOS.release.xcconfig"; path = "Target Support Files/Pods-WishEarn-tvOS/Pods-WishEarn-tvOS.release.xcconfig"; sourceTree = "<group>"; };
		416EBC75686B9ED7BBE11C0C /* libPods-WishEarnTests.a */ = {isa = PBXFileReference; explicitFileType = archive.ar; includeInIndex = 0; path = "libPods-WishEarnTests.a"; sourceTree = BUILT_PRODUCTS_DIR; };
		4B24521EE17440FEBAD55BB9 /* Entypo.ttf */ = {isa = PBXFileReference; explicitFileType = undefined; fileEncoding = 9; includeInIndex = 0; lastKnownFileType = unknown; name = Entypo.ttf; path = "../node_modules/react-native-vector-icons/Fonts/Entypo.ttf"; sourceTree = "<group>"; };
		51F88954D9C84B5290C764C5 /* Roboto-BlackItalic.ttf */ = {isa = PBXFileReference; explicitFileType = undefined; fileEncoding = 9; includeInIndex = 0; lastKnownFileType = unknown; name = "Roboto-BlackItalic.ttf"; path = "../assets/fonts/Roboto-BlackItalic.ttf"; sourceTree = "<group>"; };
		5D2F99BE8F34DE6FBDC97FCB /* Pods-WishEarn-tvOSTests.release.xcconfig */ = {isa = PBXFileReference; includeInIndex = 1; lastKnownFileType = text.xcconfig; name = "Pods-WishEarn-tvOSTests.release.xcconfig"; path = "Target Support Files/Pods-WishEarn-tvOSTests/Pods-WishEarn-tvOSTests.release.xcconfig"; sourceTree = "<group>"; };
		68FEF4FB92B44935B41FF3AC /* Ionicons.ttf */ = {isa = PBXFileReference; explicitFileType = undefined; fileEncoding = 9; includeInIndex = 0; lastKnownFileType = unknown; name = Ionicons.ttf; path = "../node_modules/react-native-vector-icons/Fonts/Ionicons.ttf"; sourceTree = "<group>"; };
		739990478719487689493F09 /* Roboto-MediumItalic.ttf */ = {isa = PBXFileReference; explicitFileType = undefined; fileEncoding = 9; includeInIndex = 0; lastKnownFileType = unknown; name = "Roboto-MediumItalic.ttf"; path = "../assets/fonts/Roboto-MediumItalic.ttf"; sourceTree = "<group>"; };
		797F91E75877FF52CBF4FBEE /* Pods-WishEarn-tvOSTests.debug.xcconfig */ = {isa = PBXFileReference; includeInIndex = 1; lastKnownFileType = text.xcconfig; name = "Pods-WishEarn-tvOSTests.debug.xcconfig"; path = "Target Support Files/Pods-WishEarn-tvOSTests/Pods-WishEarn-tvOSTests.debug.xcconfig"; sourceTree = "<group>"; };
		7A44ACE724A6468A896799B2 /* Roboto-Thin.ttf */ = {isa = PBXFileReference; explicitFileType = undefined; fileEncoding = 9; includeInIndex = 0; lastKnownFileType = unknown; name = "Roboto-Thin.ttf"; path = "../assets/fonts/Roboto-Thin.ttf"; sourceTree = "<group>"; };
		7CB101DD4BBA36C873DAB1D7 /* libPods-WishEarn.a */ = {isa = PBXFileReference; explicitFileType = archive.ar; includeInIndex = 0; path = "libPods-WishEarn.a"; sourceTree = BUILT_PRODUCTS_DIR; };
		7F8E68A5A5714E45B27517EC /* MaterialIcons.ttf */ = {isa = PBXFileReference; explicitFileType = undefined; fileEncoding = 9; includeInIndex = 0; lastKnownFileType = unknown; name = MaterialIcons.ttf; path = "../node_modules/react-native-vector-icons/Fonts/MaterialIcons.ttf"; sourceTree = "<group>"; };
		847DCCD4CDC04E19B446C58D /* Roboto-LightItalic.ttf */ = {isa = PBXFileReference; explicitFileType = undefined; fileEncoding = 9; includeInIndex = 0; lastKnownFileType = unknown; name = "Roboto-LightItalic.ttf"; path = "../assets/fonts/Roboto-LightItalic.ttf"; sourceTree = "<group>"; };
		888BFD98D4B4BAB34A8ED2B5 /* Pods-WishEarnTests.release.xcconfig */ = {isa = PBXFileReference; includeInIndex = 1; lastKnownFileType = text.xcconfig; name = "Pods-WishEarnTests.release.xcconfig"; path = "Target Support Files/Pods-WishEarnTests/Pods-WishEarnTests.release.xcconfig"; sourceTree = "<group>"; };
		9A2ADAD6F40ED130D958BE87 /* Pods-WishEarn.release.xcconfig */ = {isa = PBXFileReference; includeInIndex = 1; lastKnownFileType = text.xcconfig; name = "Pods-WishEarn.release.xcconfig"; path = "Target Support Files/Pods-WishEarn/Pods-WishEarn.release.xcconfig"; sourceTree = "<group>"; };
		9CF12A3E237F6B0800E5D4B7 /* WishEarn-Bridging-Header.h */ = {isa = PBXFileReference; lastKnownFileType = sourcecode.c.h; path = "WishEarn-Bridging-Header.h"; sourceTree = "<group>"; };
		9CF12A3F237F6B0800E5D4B7 /* 👽.swift */ = {isa = PBXFileReference; lastKnownFileType = sourcecode.swift; path = "👽.swift"; sourceTree = "<group>"; };
		A53705822F3A42ED892D6221 /* Roboto-Black.ttf */ = {isa = PBXFileReference; explicitFileType = undefined; fileEncoding = 9; includeInIndex = 0; lastKnownFileType = unknown; name = "Roboto-Black.ttf"; path = "../assets/fonts/Roboto-Black.ttf"; sourceTree = "<group>"; };
		B3E511FCDE964D4ABA9AE143 /* Roboto-Bold.ttf */ = {isa = PBXFileReference; explicitFileType = undefined; fileEncoding = 9; includeInIndex = 0; lastKnownFileType = unknown; name = "Roboto-Bold.ttf"; path = "../assets/fonts/Roboto-Bold.ttf"; sourceTree = "<group>"; };
		B907226ECCEA457DA736B8BE /* Octicons.ttf */ = {isa = PBXFileReference; explicitFileType = undefined; fileEncoding = 9; includeInIndex = 0; lastKnownFileType = unknown; name = Octicons.ttf; path = "../node_modules/react-native-vector-icons/Fonts/Octicons.ttf"; sourceTree = "<group>"; };
		BC07814618294964B3BCF89F /* Roboto-Italic.ttf */ = {isa = PBXFileReference; explicitFileType = undefined; fileEncoding = 9; includeInIndex = 0; lastKnownFileType = unknown; name = "Roboto-Italic.ttf"; path = "../assets/fonts/Roboto-Italic.ttf"; sourceTree = "<group>"; };
		BEBFECDF2B304F809156F0E1 /* Roboto-Light.ttf */ = {isa = PBXFileReference; explicitFileType = undefined; fileEncoding = 9; includeInIndex = 0; lastKnownFileType = unknown; name = "Roboto-Light.ttf"; path = "../assets/fonts/Roboto-Light.ttf"; sourceTree = "<group>"; };
		C5C941B3012548B68B4907E2 /* AntDesign.ttf */ = {isa = PBXFileReference; explicitFileType = undefined; fileEncoding = 9; includeInIndex = 0; lastKnownFileType = unknown; name = AntDesign.ttf; path = "../node_modules/react-native-vector-icons/Fonts/AntDesign.ttf"; sourceTree = "<group>"; };
		C954F850424C42DBA6EBE112 /* SimpleLineIcons.ttf */ = {isa = PBXFileReference; explicitFileType = undefined; fileEncoding = 9; includeInIndex = 0; lastKnownFileType = unknown; name = SimpleLineIcons.ttf; path = "../node_modules/react-native-vector-icons/Fonts/SimpleLineIcons.ttf"; sourceTree = "<group>"; };
		D4B9B0DA800DD62B398D4B11 /* libPods-WishEarn-tvOS.a */ = {isa = PBXFileReference; explicitFileType = archive.ar; includeInIndex = 0; path = "libPods-WishEarn-tvOS.a"; sourceTree = BUILT_PRODUCTS_DIR; };
		DBB098FF31A944728FCE1B54 /* Roboto-BoldItalic.ttf */ = {isa = PBXFileReference; explicitFileType = undefined; fileEncoding = 9; includeInIndex = 0; lastKnownFileType = unknown; name = "Roboto-BoldItalic.ttf"; path = "../assets/fonts/Roboto-BoldItalic.ttf"; sourceTree = "<group>"; };
		DEFEA463304A4AC8B8DD8638 /* Zocial.ttf */ = {isa = PBXFileReference; explicitFileType = undefined; fileEncoding = 9; includeInIndex = 0; lastKnownFileType = unknown; name = Zocial.ttf; path = "../node_modules/react-native-vector-icons/Fonts/Zocial.ttf"; sourceTree = "<group>"; };
		E2B7C7D40774409D860C8651 /* FontAwesome5_Regular.ttf */ = {isa = PBXFileReference; explicitFileType = undefined; fileEncoding = 9; includeInIndex = 0; lastKnownFileType = unknown; name = FontAwesome5_Regular.ttf; path = "../node_modules/react-native-vector-icons/Fonts/FontAwesome5_Regular.ttf"; sourceTree = "<group>"; };
		ED297162215061F000B7C4FE /* JavaScriptCore.framework */ = {isa = PBXFileReference; lastKnownFileType = wrapper.framework; name = JavaScriptCore.framework; path = System/Library/Frameworks/JavaScriptCore.framework; sourceTree = SDKROOT; };
		ED2971642150620600B7C4FE /* JavaScriptCore.framework */ = {isa = PBXFileReference; lastKnownFileType = wrapper.framework; name = JavaScriptCore.framework; path = Platforms/AppleTVOS.platform/Developer/SDKs/AppleTVOS12.0.sdk/System/Library/Frameworks/JavaScriptCore.framework; sourceTree = DEVELOPER_DIR; };
		ED832F95C3034952B92C63E6 /* EvilIcons.ttf */ = {isa = PBXFileReference; explicitFileType = undefined; fileEncoding = 9; includeInIndex = 0; lastKnownFileType = unknown; name = EvilIcons.ttf; path = "../node_modules/react-native-vector-icons/Fonts/EvilIcons.ttf"; sourceTree = "<group>"; };
		F27FC20978B341919D424E14 /* Foundation.ttf */ = {isa = PBXFileReference; explicitFileType = undefined; fileEncoding = 9; includeInIndex = 0; lastKnownFileType = unknown; name = Foundation.ttf; path = "../node_modules/react-native-vector-icons/Fonts/Foundation.ttf"; sourceTree = "<group>"; };
		F49AD419B3A60DD8907FFDB6 /* Pods-WishEarnTests.debug.xcconfig */ = {isa = PBXFileReference; includeInIndex = 1; lastKnownFileType = text.xcconfig; name = "Pods-WishEarnTests.debug.xcconfig"; path = "Target Support Files/Pods-WishEarnTests/Pods-WishEarnTests.debug.xcconfig"; sourceTree = "<group>"; };
		FC74AE975A8E4910A4B01C00 /* FontAwesome5_Brands.ttf */ = {isa = PBXFileReference; explicitFileType = undefined; fileEncoding = 9; includeInIndex = 0; lastKnownFileType = unknown; name = FontAwesome5_Brands.ttf; path = "../node_modules/react-native-vector-icons/Fonts/FontAwesome5_Brands.ttf"; sourceTree = "<group>"; };
/* End PBXFileReference section */

/* Begin PBXFrameworksBuildPhase section */
		13B07F8C1A680F5B00A75B9A /* Frameworks */ = {
			isa = PBXFrameworksBuildPhase;
			buildActionMask = 2147483647;
			files = (
				32514F8822C4C4D3EB9E4E86 /* libPods-WishEarn.a in Frameworks */,
			);
			runOnlyForDeploymentPostprocessing = 0;
		};
/* End PBXFrameworksBuildPhase section */

/* Begin PBXGroup section */
		00E356EF1AD99517003FC87E /* WishEarnTests */ = {
			isa = PBXGroup;
			children = (
				00E356F21AD99517003FC87E /* WishEarnTests.m */,
				00E356F01AD99517003FC87E /* Supporting Files */,
			);
			path = WishEarnTests;
			sourceTree = "<group>";
		};
		00E356F01AD99517003FC87E /* Supporting Files */ = {
			isa = PBXGroup;
			children = (
				00E356F11AD99517003FC87E /* Info.plist */,
			);
			name = "Supporting Files";
			sourceTree = "<group>";
		};
		13B07FAE1A68108700A75B9A /* WishEarn */ = {
			isa = PBXGroup;
			children = (
				008F07F21AC5B25A0029DE68 /* main.jsbundle */,
				13B07FAF1A68108700A75B9A /* AppDelegate.h */,
				13B07FB01A68108700A75B9A /* AppDelegate.m */,
				13B07FB51A68108700A75B9A /* Images.xcassets */,
				13B07FB61A68108700A75B9A /* Info.plist */,
				13B07FB11A68108700A75B9A /* LaunchScreen.xib */,
				13B07FB71A68108700A75B9A /* main.m */,
			);
			name = WishEarn;
			sourceTree = "<group>";
		};
		2D16E6871FA4F8E400B85C8A /* Frameworks */ = {
			isa = PBXGroup;
			children = (
				ED297162215061F000B7C4FE /* JavaScriptCore.framework */,
				ED2971642150620600B7C4FE /* JavaScriptCore.framework */,
				7CB101DD4BBA36C873DAB1D7 /* libPods-WishEarn.a */,
				D4B9B0DA800DD62B398D4B11 /* libPods-WishEarn-tvOS.a */,
				191026A6ACDC483CF73DD062 /* libPods-WishEarn-tvOSTests.a */,
				416EBC75686B9ED7BBE11C0C /* libPods-WishEarnTests.a */,
			);
			name = Frameworks;
			sourceTree = "<group>";
		};
		2E416E9A798E2F4E873FDB41 /* Pods */ = {
			isa = PBXGroup;
			children = (
				2FDE38234A5EB91D1D14733B /* Pods-WishEarn.debug.xcconfig */,
				9A2ADAD6F40ED130D958BE87 /* Pods-WishEarn.release.xcconfig */,
				261EC82CF8F7BE29DB3A1B3D /* Pods-WishEarn-tvOS.debug.xcconfig */,
				3FA9BD8DE886C87411C94CC1 /* Pods-WishEarn-tvOS.release.xcconfig */,
				797F91E75877FF52CBF4FBEE /* Pods-WishEarn-tvOSTests.debug.xcconfig */,
				5D2F99BE8F34DE6FBDC97FCB /* Pods-WishEarn-tvOSTests.release.xcconfig */,
				F49AD419B3A60DD8907FFDB6 /* Pods-WishEarnTests.debug.xcconfig */,
				888BFD98D4B4BAB34A8ED2B5 /* Pods-WishEarnTests.release.xcconfig */,
			);
			path = Pods;
			sourceTree = "<group>";
		};
		619AE7AC9DB94BE19668A1E1 /* Resources */ = {
			isa = PBXGroup;
			children = (
				A53705822F3A42ED892D6221 /* Roboto-Black.ttf */,
				51F88954D9C84B5290C764C5 /* Roboto-BlackItalic.ttf */,
				B3E511FCDE964D4ABA9AE143 /* Roboto-Bold.ttf */,
				DBB098FF31A944728FCE1B54 /* Roboto-BoldItalic.ttf */,
				BC07814618294964B3BCF89F /* Roboto-Italic.ttf */,
				BEBFECDF2B304F809156F0E1 /* Roboto-Light.ttf */,
				847DCCD4CDC04E19B446C58D /* Roboto-LightItalic.ttf */,
				22DE5EC4ABE7461C81D38332 /* Roboto-Medium.ttf */,
				739990478719487689493F09 /* Roboto-MediumItalic.ttf */,
				35E1F10911A34FD0B230A6A0 /* Roboto-Regular.ttf */,
				7A44ACE724A6468A896799B2 /* Roboto-Thin.ttf */,
				1E043B27D1A14104A1E4C375 /* Roboto-ThinItalic.ttf */,
				C5C941B3012548B68B4907E2 /* AntDesign.ttf */,
				4B24521EE17440FEBAD55BB9 /* Entypo.ttf */,
				ED832F95C3034952B92C63E6 /* EvilIcons.ttf */,
				0ADA3A3A2AEA42368A7A39F9 /* Feather.ttf */,
				3EFC019E277A4865B36FAC2F /* FontAwesome.ttf */,
				FC74AE975A8E4910A4B01C00 /* FontAwesome5_Brands.ttf */,
				E2B7C7D40774409D860C8651 /* FontAwesome5_Regular.ttf */,
				14F576C6A5D44AE7B10B9B01 /* FontAwesome5_Solid.ttf */,
				32769297A7014C0D99F20E3F /* Fontisto.ttf */,
				F27FC20978B341919D424E14 /* Foundation.ttf */,
				68FEF4FB92B44935B41FF3AC /* Ionicons.ttf */,
				31265DC0968C4994866B09A2 /* MaterialCommunityIcons.ttf */,
				7F8E68A5A5714E45B27517EC /* MaterialIcons.ttf */,
				B907226ECCEA457DA736B8BE /* Octicons.ttf */,
				C954F850424C42DBA6EBE112 /* SimpleLineIcons.ttf */,
				DEFEA463304A4AC8B8DD8638 /* Zocial.ttf */,
			);
			name = Resources;
			sourceTree = "<group>";
		};
		832341AE1AAA6A7D00B99B32 /* Libraries */ = {
			isa = PBXGroup;
			children = (
			);
			name = Libraries;
			sourceTree = "<group>";
		};
		83CBB9F61A601CBA00E9B192 = {
			isa = PBXGroup;
			children = (
				9CF12A3F237F6B0800E5D4B7 /* 👽.swift */,
				13B07FAE1A68108700A75B9A /* WishEarn */,
				832341AE1AAA6A7D00B99B32 /* Libraries */,
				00E356EF1AD99517003FC87E /* WishEarnTests */,
				83CBBA001A601CBA00E9B192 /* Products */,
				2D16E6871FA4F8E400B85C8A /* Frameworks */,
				2E416E9A798E2F4E873FDB41 /* Pods */,
				619AE7AC9DB94BE19668A1E1 /* Resources */,
				9CF12A3E237F6B0800E5D4B7 /* WishEarn-Bridging-Header.h */,
			);
			indentWidth = 2;
			sourceTree = "<group>";
			tabWidth = 2;
			usesTabs = 0;
		};
		83CBBA001A601CBA00E9B192 /* Products */ = {
			isa = PBXGroup;
			children = (
				13B07F961A680F5B00A75B9A /* SpendLess.app */,
			);
			name = Products;
			sourceTree = "<group>";
		};
/* End PBXGroup section */

/* Begin PBXNativeTarget section */
		13B07F861A680F5B00A75B9A /* WishEarn */ = {
			isa = PBXNativeTarget;
			buildConfigurationList = 13B07F931A680F5B00A75B9A /* Build configuration list for PBXNativeTarget "WishEarn" */;
			buildPhases = (
				5F8C8D780F359A9FD1632DA1 /* [CP] Check Pods Manifest.lock */,
				FD10A7F022414F080027D42C /* Start Packager */,
				13B07F871A680F5B00A75B9A /* Sources */,
				13B07F8C1A680F5B00A75B9A /* Frameworks */,
				13B07F8E1A680F5B00A75B9A /* Resources */,
				00DD1BFF1BD5951E006B06BC /* Bundle React Native code and images */,
				95A4E03D1FEF1CCDD5F491EB /* [CP] Copy Pods Resources */,
			);
			buildRules = (
			);
			dependencies = (
			);
			name = WishEarn;
			productName = WishEarn;
			productReference = 13B07F961A680F5B00A75B9A /* SpendLess.app */;
			productType = "com.apple.product-type.application";
		};
/* End PBXNativeTarget section */

/* Begin PBXProject section */
		83CBB9F71A601CBA00E9B192 /* Project object */ = {
			isa = PBXProject;
			attributes = {
				LastUpgradeCheck = 940;
				ORGANIZATIONNAME = Facebook;
				TargetAttributes = {
					13B07F861A680F5B00A75B9A = {
						DevelopmentTeam = ZFBF8A8G46;
						LastSwiftMigration = 1120;
					};
				};
			};
			buildConfigurationList = 83CBB9FA1A601CBA00E9B192 /* Build configuration list for PBXProject "WishEarn" */;
			compatibilityVersion = "Xcode 3.2";
			developmentRegion = English;
			hasScannedForEncodings = 0;
			knownRegions = (
				English,
				en,
				Base,
			);
			mainGroup = 83CBB9F61A601CBA00E9B192;
			productRefGroup = 83CBBA001A601CBA00E9B192 /* Products */;
			projectDirPath = "";
			projectRoot = "";
			targets = (
				13B07F861A680F5B00A75B9A /* WishEarn */,
			);
		};
/* End PBXProject section */

/* Begin PBXResourcesBuildPhase section */
		13B07F8E1A680F5B00A75B9A /* Resources */ = {
			isa = PBXResourcesBuildPhase;
			buildActionMask = 2147483647;
			files = (
				13B07FBF1A68108700A75B9A /* Images.xcassets in Resources */,
				13B07FBD1A68108700A75B9A /* LaunchScreen.xib in Resources */,
				6D7F756D750B4907A275179D /* Roboto-Black.ttf in Resources */,
				A782D6968F7E46809A1A5710 /* Roboto-BlackItalic.ttf in Resources */,
				7FC1E395771449BDA05CA54C /* Roboto-Bold.ttf in Resources */,
				B4E7DB13A6004891AFBE1683 /* Roboto-BoldItalic.ttf in Resources */,
				1C4165BF1ACE45038B10A04E /* Roboto-Italic.ttf in Resources */,
				26360097295040F99DA2FA3C /* Roboto-Light.ttf in Resources */,
				56380C4944BB430A868EE5F4 /* Roboto-LightItalic.ttf in Resources */,
				4F6488BC1DCE49659F2029B5 /* Roboto-Medium.ttf in Resources */,
				992EEAC605BA40CEBADB490F /* Roboto-MediumItalic.ttf in Resources */,
				29C2E9706DE641B8AF2937BA /* Roboto-Regular.ttf in Resources */,
				C87045C59F5148C88B4085D5 /* Roboto-Thin.ttf in Resources */,
				B7BB4CA8EAE64CB3B28411EC /* Roboto-ThinItalic.ttf in Resources */,
				84E899ECDDD74A6B88BAF488 /* AntDesign.ttf in Resources */,
				B4E7163A3D33476A97C0A3BF /* Entypo.ttf in Resources */,
				412EE56B7E924B6FA14B7F08 /* EvilIcons.ttf in Resources */,
				9083ECBCED514DA2BAE7A6CA /* Feather.ttf in Resources */,
				E93A587ADDDC4534BAE194DB /* FontAwesome.ttf in Resources */,
				10D753DA9E5C472A8628AC37 /* FontAwesome5_Brands.ttf in Resources */,
				7E98BD0C62FF4F26A959F93C /* FontAwesome5_Regular.ttf in Resources */,
				DD213E11E794435283DE56B3 /* FontAwesome5_Solid.ttf in Resources */,
				BD3C4D8AE93F4FDAB77CB69A /* Fontisto.ttf in Resources */,
				6B195952957F4010AEAB19DE /* Foundation.ttf in Resources */,
				405BD1D6F80E47568D1D5AE1 /* Ionicons.ttf in Resources */,
				12F9B0B8925A4DE8AE93EBE6 /* MaterialCommunityIcons.ttf in Resources */,
				D7C4EB73AD4C4924880572A2 /* MaterialIcons.ttf in Resources */,
				E7A41DDFD5974D5B9B943D76 /* Octicons.ttf in Resources */,
				226F34BC2FA14C0F941FF58F /* SimpleLineIcons.ttf in Resources */,
				5E7A5DC4E7204A658EBEAF37 /* Zocial.ttf in Resources */,
			);
			runOnlyForDeploymentPostprocessing = 0;
		};
/* End PBXResourcesBuildPhase section */

/* Begin PBXShellScriptBuildPhase section */
		00DD1BFF1BD5951E006B06BC /* Bundle React Native code and images */ = {
			isa = PBXShellScriptBuildPhase;
			buildActionMask = 2147483647;
			files = (
			);
			inputPaths = (
			);
			name = "Bundle React Native code and images";
			outputPaths = (
			);
			runOnlyForDeploymentPostprocessing = 0;
			shellPath = /bin/sh;
			shellScript = "export NODE_BINARY=node\n../node_modules/react-native/scripts/react-native-xcode.sh";
		};
		5F8C8D780F359A9FD1632DA1 /* [CP] Check Pods Manifest.lock */ = {
			isa = PBXShellScriptBuildPhase;
			buildActionMask = 2147483647;
			files = (
			);
			inputFileListPaths = (
			);
			inputPaths = (
				"${PODS_PODFILE_DIR_PATH}/Podfile.lock",
				"${PODS_ROOT}/Manifest.lock",
			);
			name = "[CP] Check Pods Manifest.lock";
			outputFileListPaths = (
			);
			outputPaths = (
				"$(DERIVED_FILE_DIR)/Pods-WishEarn-checkManifestLockResult.txt",
			);
			runOnlyForDeploymentPostprocessing = 0;
			shellPath = /bin/sh;
			shellScript = "diff \"${PODS_PODFILE_DIR_PATH}/Podfile.lock\" \"${PODS_ROOT}/Manifest.lock\" > /dev/null\nif [ $? != 0 ] ; then\n    # print error to STDERR\n    echo \"error: The sandbox is not in sync with the Podfile.lock. Run 'pod install' or update your CocoaPods installation.\" >&2\n    exit 1\nfi\n# This output is used by Xcode 'outputs' to avoid re-running this script phase.\necho \"SUCCESS\" > \"${SCRIPT_OUTPUT_FILE_0}\"\n";
			showEnvVarsInLog = 0;
		};
		95A4E03D1FEF1CCDD5F491EB /* [CP] Copy Pods Resources */ = {
			isa = PBXShellScriptBuildPhase;
			buildActionMask = 2147483647;
			files = (
			);
			inputPaths = (
				"${PODS_ROOT}/Target Support Files/Pods-WishEarn/Pods-WishEarn-resources.sh",
				"${PODS_CONFIGURATION_BUILD_DIR}/QBImagePickerController/QBImagePicker.bundle",
				"${PODS_ROOT}/../../node_modules/react-native-vector-icons/Fonts/AntDesign.ttf",
				"${PODS_ROOT}/../../node_modules/react-native-vector-icons/Fonts/Entypo.ttf",
				"${PODS_ROOT}/../../node_modules/react-native-vector-icons/Fonts/EvilIcons.ttf",
				"${PODS_ROOT}/../../node_modules/react-native-vector-icons/Fonts/Feather.ttf",
				"${PODS_ROOT}/../../node_modules/react-native-vector-icons/Fonts/FontAwesome.ttf",
				"${PODS_ROOT}/../../node_modules/react-native-vector-icons/Fonts/FontAwesome5_Brands.ttf",
				"${PODS_ROOT}/../../node_modules/react-native-vector-icons/Fonts/FontAwesome5_Regular.ttf",
				"${PODS_ROOT}/../../node_modules/react-native-vector-icons/Fonts/FontAwesome5_Solid.ttf",
				"${PODS_ROOT}/../../node_modules/react-native-vector-icons/Fonts/Fontisto.ttf",
				"${PODS_ROOT}/../../node_modules/react-native-vector-icons/Fonts/Foundation.ttf",
				"${PODS_ROOT}/../../node_modules/react-native-vector-icons/Fonts/Ionicons.ttf",
				"${PODS_ROOT}/../../node_modules/react-native-vector-icons/Fonts/MaterialCommunityIcons.ttf",
				"${PODS_ROOT}/../../node_modules/react-native-vector-icons/Fonts/MaterialIcons.ttf",
				"${PODS_ROOT}/../../node_modules/react-native-vector-icons/Fonts/Octicons.ttf",
				"${PODS_ROOT}/../../node_modules/react-native-vector-icons/Fonts/SimpleLineIcons.ttf",
				"${PODS_ROOT}/../../node_modules/react-native-vector-icons/Fonts/Zocial.ttf",
				"${PODS_ROOT}/RSKImageCropper/RSKImageCropper/RSKImageCropperStrings.bundle",
			);
			name = "[CP] Copy Pods Resources";
			outputPaths = (
				"${TARGET_BUILD_DIR}/${UNLOCALIZED_RESOURCES_FOLDER_PATH}/QBImagePicker.bundle",
				"${TARGET_BUILD_DIR}/${UNLOCALIZED_RESOURCES_FOLDER_PATH}/AntDesign.ttf",
				"${TARGET_BUILD_DIR}/${UNLOCALIZED_RESOURCES_FOLDER_PATH}/Entypo.ttf",
				"${TARGET_BUILD_DIR}/${UNLOCALIZED_RESOURCES_FOLDER_PATH}/EvilIcons.ttf",
				"${TARGET_BUILD_DIR}/${UNLOCALIZED_RESOURCES_FOLDER_PATH}/Feather.ttf",
				"${TARGET_BUILD_DIR}/${UNLOCALIZED_RESOURCES_FOLDER_PATH}/FontAwesome.ttf",
				"${TARGET_BUILD_DIR}/${UNLOCALIZED_RESOURCES_FOLDER_PATH}/FontAwesome5_Brands.ttf",
				"${TARGET_BUILD_DIR}/${UNLOCALIZED_RESOURCES_FOLDER_PATH}/FontAwesome5_Regular.ttf",
				"${TARGET_BUILD_DIR}/${UNLOCALIZED_RESOURCES_FOLDER_PATH}/FontAwesome5_Solid.ttf",
				"${TARGET_BUILD_DIR}/${UNLOCALIZED_RESOURCES_FOLDER_PATH}/Fontisto.ttf",
				"${TARGET_BUILD_DIR}/${UNLOCALIZED_RESOURCES_FOLDER_PATH}/Foundation.ttf",
				"${TARGET_BUILD_DIR}/${UNLOCALIZED_RESOURCES_FOLDER_PATH}/Ionicons.ttf",
				"${TARGET_BUILD_DIR}/${UNLOCALIZED_RESOURCES_FOLDER_PATH}/MaterialCommunityIcons.ttf",
				"${TARGET_BUILD_DIR}/${UNLOCALIZED_RESOURCES_FOLDER_PATH}/MaterialIcons.ttf",
				"${TARGET_BUILD_DIR}/${UNLOCALIZED_RESOURCES_FOLDER_PATH}/Octicons.ttf",
				"${TARGET_BUILD_DIR}/${UNLOCALIZED_RESOURCES_FOLDER_PATH}/SimpleLineIcons.ttf",
				"${TARGET_BUILD_DIR}/${UNLOCALIZED_RESOURCES_FOLDER_PATH}/Zocial.ttf",
				"${TARGET_BUILD_DIR}/${UNLOCALIZED_RESOURCES_FOLDER_PATH}/RSKImageCropperStrings.bundle",
			);
			runOnlyForDeploymentPostprocessing = 0;
			shellPath = /bin/sh;
			shellScript = "\"${PODS_ROOT}/Target Support Files/Pods-WishEarn/Pods-WishEarn-resources.sh\"\n";
			showEnvVarsInLog = 0;
		};
		FD10A7F022414F080027D42C /* Start Packager */ = {
			isa = PBXShellScriptBuildPhase;
			buildActionMask = 2147483647;
			files = (
			);
			inputFileListPaths = (
			);
			inputPaths = (
			);
			name = "Start Packager";
			outputFileListPaths = (
			);
			outputPaths = (
			);
			runOnlyForDeploymentPostprocessing = 0;
			shellPath = /bin/sh;
			shellScript = "export RCT_METRO_PORT=\"${RCT_METRO_PORT:=8081}\"\necho \"export RCT_METRO_PORT=${RCT_METRO_PORT}\" > \"${SRCROOT}/../node_modules/react-native/scripts/.packager.env\"\nif [ -z \"${RCT_NO_LAUNCH_PACKAGER+xxx}\" ] ; then\n  if nc -w 5 -z localhost ${RCT_METRO_PORT} ; then\n    if ! curl -s \"http://localhost:${RCT_METRO_PORT}/status\" | grep -q \"packager-status:running\" ; then\n      echo \"Port ${RCT_METRO_PORT} already in use, packager is either not running or not running correctly\"\n      exit 2\n    fi\n  else\n    open \"$SRCROOT/../node_modules/react-native/scripts/launchPackager.command\" || echo \"Can't start packager automatically\"\n  fi\nfi\n";
			showEnvVarsInLog = 0;
		};
/* End PBXShellScriptBuildPhase section */

/* Begin PBXSourcesBuildPhase section */
		13B07F871A680F5B00A75B9A /* Sources */ = {
			isa = PBXSourcesBuildPhase;
			buildActionMask = 2147483647;
			files = (
				9CF12A40237F6B0800E5D4B7 /* 👽.swift in Sources */,
				13B07FBC1A68108700A75B9A /* AppDelegate.m in Sources */,
				13B07FC11A68108700A75B9A /* main.m in Sources */,
			);
			runOnlyForDeploymentPostprocessing = 0;
		};
/* End PBXSourcesBuildPhase section */

/* Begin PBXVariantGroup section */
		13B07FB11A68108700A75B9A /* LaunchScreen.xib */ = {
			isa = PBXVariantGroup;
			children = (
				13B07FB21A68108700A75B9A /* Base */,
			);
			name = LaunchScreen.xib;
			path = WishEarn;
			sourceTree = "<group>";
		};
/* End PBXVariantGroup section */

/* Begin XCBuildConfiguration section */
		13B07F941A680F5B00A75B9A /* Debug */ = {
			isa = XCBuildConfiguration;
			baseConfigurationReference = 2FDE38234A5EB91D1D14733B /* Pods-WishEarn.debug.xcconfig */;
			buildSettings = {
				ASSETCATALOG_COMPILER_APPICON_NAME = AppIcon;
				CLANG_ENABLE_MODULES = YES;
				CURRENT_PROJECT_VERSION = 1;
				DEAD_CODE_STRIPPING = NO;
				DEVELOPMENT_TEAM = ZFBF8A8G46;
				INFOPLIST_FILE = WishEarn/Info.plist;
				LD_RUNPATH_SEARCH_PATHS = "$(inherited) @executable_path/Frameworks";
				MARKETING_VERSION = 1.1;
				OTHER_LDFLAGS = (
					"$(inherited)",
					"-ObjC",
					"-lc++",
				);
				PRODUCT_BUNDLE_IDENTIFIER = ua.late.junction.sellless;
				PRODUCT_NAME = SpendLess;
				SWIFT_OBJC_BRIDGING_HEADER = "WishEarn-Bridging-Header.h";
				SWIFT_OPTIMIZATION_LEVEL = "-Onone";
				SWIFT_VERSION = 5.0;
				VERSIONING_SYSTEM = "apple-generic";
			};
			name = Debug;
		};
		13B07F951A680F5B00A75B9A /* Release */ = {
			isa = XCBuildConfiguration;
			baseConfigurationReference = 9A2ADAD6F40ED130D958BE87 /* Pods-WishEarn.release.xcconfig */;
			buildSettings = {
				ASSETCATALOG_COMPILER_APPICON_NAME = AppIcon;
				CLANG_ENABLE_MODULES = YES;
				CURRENT_PROJECT_VERSION = 1;
				DEVELOPMENT_TEAM = ZFBF8A8G46;
				INFOPLIST_FILE = WishEarn/Info.plist;
				LD_RUNPATH_SEARCH_PATHS = "$(inherited) @executable_path/Frameworks";
				MARKETING_VERSION = 1.1;
				OTHER_LDFLAGS = (
					"$(inherited)",
					"-ObjC",
					"-lc++",
				);
				PRODUCT_BUNDLE_IDENTIFIER = ua.late.junction.sellless;
				PRODUCT_NAME = SpendLess;
				SWIFT_OBJC_BRIDGING_HEADER = "WishEarn-Bridging-Header.h";
				SWIFT_VERSION = 5.0;
				VERSIONING_SYSTEM = "apple-generic";
			};
			name = Release;
		};
		83CBBA201A601CBA00E9B192 /* Debug */ = {
			isa = XCBuildConfiguration;
			buildSettings = {
				ALWAYS_SEARCH_USER_PATHS = NO;
				CLANG_CXX_LANGUAGE_STANDARD = "gnu++0x";
				CLANG_CXX_LIBRARY = "libc++";
				CLANG_ENABLE_MODULES = YES;
				CLANG_ENABLE_OBJC_ARC = YES;
				CLANG_WARN_BLOCK_CAPTURE_AUTORELEASING = YES;
				CLANG_WARN_BOOL_CONVERSION = YES;
				CLANG_WARN_COMMA = YES;
				CLANG_WARN_CONSTANT_CONVERSION = YES;
				CLANG_WARN_DEPRECATED_OBJC_IMPLEMENTATIONS = YES;
				CLANG_WARN_DIRECT_OBJC_ISA_USAGE = YES_ERROR;
				CLANG_WARN_EMPTY_BODY = YES;
				CLANG_WARN_ENUM_CONVERSION = YES;
				CLANG_WARN_INFINITE_RECURSION = YES;
				CLANG_WARN_INT_CONVERSION = YES;
				CLANG_WARN_NON_LITERAL_NULL_CONVERSION = YES;
				CLANG_WARN_OBJC_IMPLICIT_RETAIN_SELF = YES;
				CLANG_WARN_OBJC_LITERAL_CONVERSION = YES;
				CLANG_WARN_OBJC_ROOT_CLASS = YES_ERROR;
				CLANG_WARN_RANGE_LOOP_ANALYSIS = YES;
				CLANG_WARN_STRICT_PROTOTYPES = YES;
				CLANG_WARN_SUSPICIOUS_MOVE = YES;
				CLANG_WARN_UNREACHABLE_CODE = YES;
				CLANG_WARN__DUPLICATE_METHOD_MATCH = YES;
				"CODE_SIGN_IDENTITY[sdk=iphoneos*]" = "iPhone Developer";
				COPY_PHASE_STRIP = NO;
				ENABLE_STRICT_OBJC_MSGSEND = YES;
				ENABLE_TESTABILITY = YES;
				GCC_C_LANGUAGE_STANDARD = gnu99;
				GCC_DYNAMIC_NO_PIC = NO;
				GCC_NO_COMMON_BLOCKS = YES;
				GCC_OPTIMIZATION_LEVEL = 0;
				GCC_PREPROCESSOR_DEFINITIONS = (
					"DEBUG=1",
					"$(inherited)",
				);
				GCC_SYMBOLS_PRIVATE_EXTERN = NO;
				GCC_WARN_64_TO_32_BIT_CONVERSION = YES;
				GCC_WARN_ABOUT_RETURN_TYPE = YES_ERROR;
				GCC_WARN_UNDECLARED_SELECTOR = YES;
				GCC_WARN_UNINITIALIZED_AUTOS = YES_AGGRESSIVE;
				GCC_WARN_UNUSED_FUNCTION = YES;
				GCC_WARN_UNUSED_VARIABLE = YES;
				IPHONEOS_DEPLOYMENT_TARGET = 9.0;
				MTL_ENABLE_DEBUG_INFO = YES;
				ONLY_ACTIVE_ARCH = YES;
				SDKROOT = iphoneos;
			};
			name = Debug;
		};
		83CBBA211A601CBA00E9B192 /* Release */ = {
			isa = XCBuildConfiguration;
			buildSettings = {
				ALWAYS_SEARCH_USER_PATHS = NO;
				CLANG_CXX_LANGUAGE_STANDARD = "gnu++0x";
				CLANG_CXX_LIBRARY = "libc++";
				CLANG_ENABLE_MODULES = YES;
				CLANG_ENABLE_OBJC_ARC = YES;
				CLANG_WARN_BLOCK_CAPTURE_AUTORELEASING = YES;
				CLANG_WARN_BOOL_CONVERSION = YES;
				CLANG_WARN_COMMA = YES;
				CLANG_WARN_CONSTANT_CONVERSION = YES;
				CLANG_WARN_DEPRECATED_OBJC_IMPLEMENTATIONS = YES;
				CLANG_WARN_DIRECT_OBJC_ISA_USAGE = YES_ERROR;
				CLANG_WARN_EMPTY_BODY = YES;
				CLANG_WARN_ENUM_CONVERSION = YES;
				CLANG_WARN_INFINITE_RECURSION = YES;
				CLANG_WARN_INT_CONVERSION = YES;
				CLANG_WARN_NON_LITERAL_NULL_CONVERSION = YES;
				CLANG_WARN_OBJC_IMPLICIT_RETAIN_SELF = YES;
				CLANG_WARN_OBJC_LITERAL_CONVERSION = YES;
				CLANG_WARN_OBJC_ROOT_CLASS = YES_ERROR;
				CLANG_WARN_RANGE_LOOP_ANALYSIS = YES;
				CLANG_WARN_STRICT_PROTOTYPES = YES;
				CLANG_WARN_SUSPICIOUS_MOVE = YES;
				CLANG_WARN_UNREACHABLE_CODE = YES;
				CLANG_WARN__DUPLICATE_METHOD_MATCH = YES;
				"CODE_SIGN_IDENTITY[sdk=iphoneos*]" = "iPhone Developer";
				COPY_PHASE_STRIP = YES;
				ENABLE_NS_ASSERTIONS = NO;
				ENABLE_STRICT_OBJC_MSGSEND = YES;
				GCC_C_LANGUAGE_STANDARD = gnu99;
				GCC_NO_COMMON_BLOCKS = YES;
				GCC_WARN_64_TO_32_BIT_CONVERSION = YES;
				GCC_WARN_ABOUT_RETURN_TYPE = YES_ERROR;
				GCC_WARN_UNDECLARED_SELECTOR = YES;
				GCC_WARN_UNINITIALIZED_AUTOS = YES_AGGRESSIVE;
				GCC_WARN_UNUSED_FUNCTION = YES;
				GCC_WARN_UNUSED_VARIABLE = YES;
				IPHONEOS_DEPLOYMENT_TARGET = 9.0;
				MTL_ENABLE_DEBUG_INFO = NO;
				SDKROOT = iphoneos;
				VALIDATE_PRODUCT = YES;
			};
			name = Release;
		};
/* End XCBuildConfiguration section */

/* Begin XCConfigurationList section */
		13B07F931A680F5B00A75B9A /* Build configuration list for PBXNativeTarget "WishEarn" */ = {
			isa = XCConfigurationList;
			buildConfigurations = (
				13B07F941A680F5B00A75B9A /* Debug */,
				13B07F951A680F5B00A75B9A /* Release */,
			);
			defaultConfigurationIsVisible = 0;
			defaultConfigurationName = Release;
		};
		83CBB9FA1A601CBA00E9B192 /* Build configuration list for PBXProject "WishEarn" */ = {
			isa = XCConfigurationList;
			buildConfigurations = (
				83CBBA201A601CBA00E9B192 /* Debug */,
				83CBBA211A601CBA00E9B192 /* Release */,
			);
			defaultConfigurationIsVisible = 0;
			defaultConfigurationName = Release;
		};
/* End XCConfigurationList section */
	};
	rootObject = 83CBB9F71A601CBA00E9B192 /* Project object */;
}
